{
  "object": {
    "pins": [
      {
        "package": "Nami",
        "repositoryURL": "https://github.com/namiml/NamiSDK-SwiftPackageManager",
        "state": {
          "branch": null,
          "revision": "665d18f45267a3805cea41f065e05c66c5b8da23",
          "version": "2.9.1"
        }
      }
    ]
  },
  "version": 1
}
