{
  "object": {
    "pins": [
      {
        "package": "Nami",
        "repositoryURL": "https://github.com/namiml/NamiSDK-SwiftPackageManager.git",
        "state": {
          "branch": null,
          "revision": "188bce082b3f3be2f3996984d0532dbfc8126c32",
          "version": "2.5.0"
        }
      }
    ]
  },
  "version": 1
}
