{
  "pins" : [
    {
      "identity" : "namisdk-swiftpackagemanager",
      "kind" : "remoteSourceControl",
      "location" : "https://github.com/namiml/NamiSDK-SwiftPackageManager",
      "state" : {
        "branch" : "3.0.0-alpha.04",
        "revision" : "b6b925561307ee37c05c4f8b5fa29a02b3869b1f"
      }
    }
  ],
  "version" : 2
}
