// !$*UTF8*$!
{
	archiveVersion = 1;
	classes = {
	};
	objectVersion = 52;
	objects = {

/* Begin PBXBuildFile section */
		EB41D1082370EE8B00AF011A /* Nami.xcframework in Frameworks */ = {isa = PBXBuildFile; fileRef = EB41D1072370EE8B00AF011A /* Nami.xcframework */; };
		EB41D1092370EE8B00AF011A /* Nami.xcframework in CopyFiles */ = {isa = PBXBuildFile; fileRef = EB41D1072370EE8B00AF011A /* Nami.xcframework */; settings = {ATTRIBUTES = (CodeSignOnCopy, ); }; };
		EB41D10A2370EE9D00AF011A /* Nami.xcframework in Frameworks */ = {isa = PBXBuildFile; fileRef = EB41D1072370EE8B00AF011A /* Nami.xcframework */; };
		EB41D10B2370EE9D00AF011A /* Nami.xcframework in Embed Frameworks */ = {isa = PBXBuildFile; fileRef = EB41D1072370EE8B00AF011A /* Nami.xcframework */; settings = {ATTRIBUTES = (CodeSignOnCopy, ); }; };
		EB55284722BD9AAE00FB12CE /* AppDelegate.swift in Sources */ = {isa = PBXBuildFile; fileRef = EB55284622BD9AAE00FB12CE /* AppDelegate.swift */; };
		EB55284922BD9AAE00FB12CE /* ViewController.swift in Sources */ = {isa = PBXBuildFile; fileRef = EB55284822BD9AAE00FB12CE /* ViewController.swift */; };
		EB55284C22BD9AAE00FB12CE /* Main.storyboard in Resources */ = {isa = PBXBuildFile; fileRef = EB55284A22BD9AAE00FB12CE /* Main.storyboard */; };
		EB55284E22BD9AAF00FB12CE /* Assets.xcassets in Resources */ = {isa = PBXBuildFile; fileRef = EB55284D22BD9AAF00FB12CE /* Assets.xcassets */; };
		EB55285122BD9AAF00FB12CE /* LaunchScreen.storyboard in Resources */ = {isa = PBXBuildFile; fileRef = EB55284F22BD9AAF00FB12CE /* LaunchScreen.storyboard */; };
		EBC76448234FC25A00215C15 /* Messages.framework in Frameworks */ = {isa = PBXBuildFile; fileRef = EB811E1A234F91FC00D24D73 /* Messages.framework */; };
		EBC7644B234FC25A00215C15 /* MessagesViewController.swift in Sources */ = {isa = PBXBuildFile; fileRef = EBC7644A234FC25A00215C15 /* MessagesViewController.swift */; };
		EBC7644E234FC25A00215C15 /* MainInterface.storyboard in Resources */ = {isa = PBXBuildFile; fileRef = EBC7644C234FC25A00215C15 /* MainInterface.storyboard */; };
		EBC76450234FC25A00215C15 /* Assets.xcassets in Resources */ = {isa = PBXBuildFile; fileRef = EBC7644F234FC25A00215C15 /* Assets.xcassets */; };
		EBC76454234FC25A00215C15 /* TestProductsExtension.appex in Embed App Extensions */ = {isa = PBXBuildFile; fileRef = EBC76447234FC25A00215C15 /* TestProductsExtension.appex */; settings = {ATTRIBUTES = (RemoveHeadersOnCopy, ); }; };
		EBFEA3B722C6AE5F00BADDB8 /* main.swift in Sources */ = {isa = PBXBuildFile; fileRef = EBFEA3B622C6AE5F00BADDB8 /* main.swift */; };
/* End PBXBuildFile section */

/* Begin PBXContainerItemProxy section */
		EBC76452234FC25A00215C15 /* PBXContainerItemProxy */ = {
			isa = PBXContainerItemProxy;
			containerPortal = EB55283B22BD9AAE00FB12CE /* Project object */;
			proxyType = 1;
			remoteGlobalIDString = EBC76446234FC25A00215C15;
			remoteInfo = TestProductsExtension;
		};
/* End PBXContainerItemProxy section */

/* Begin PBXCopyFilesBuildPhase section */
		EB811E2B234F91FE00D24D73 /* Embed App Extensions */ = {
			isa = PBXCopyFilesBuildPhase;
			buildActionMask = 2147483647;
			dstPath = "";
			dstSubfolderSpec = 13;
			files = (
				EBC76454234FC25A00215C15 /* TestProductsExtension.appex in Embed App Extensions */,
			);
			name = "Embed App Extensions";
			runOnlyForDeploymentPostprocessing = 0;
		};
		EBC76440234FBE9900215C15 /* Embed Frameworks */ = {
			isa = PBXCopyFilesBuildPhase;
			buildActionMask = 2147483647;
			dstPath = "";
			dstSubfolderSpec = 10;
			files = (
				EB41D10B2370EE9D00AF011A /* Nami.xcframework in Embed Frameworks */,
			);
			name = "Embed Frameworks";
			runOnlyForDeploymentPostprocessing = 0;
		};
		EBC76459234FC26A00215C15 /* CopyFiles */ = {
			isa = PBXCopyFilesBuildPhase;
			buildActionMask = 2147483647;
			dstPath = "";
			dstSubfolderSpec = 10;
			files = (
				EB41D1092370EE8B00AF011A /* Nami.xcframework in CopyFiles */,
			);
			runOnlyForDeploymentPostprocessing = 0;
		};
/* End PBXCopyFilesBuildPhase section */

/* Begin PBXFileReference section */
		EB41D1072370EE8B00AF011A /* Nami.xcframework */ = {isa = PBXFileReference; lastKnownFileType = wrapper.xcframework; path = Nami.xcframework; sourceTree = "<group>"; };
		EB55284322BD9AAE00FB12CE /* TestProducts.app */ = {isa = PBXFileReference; explicitFileType = wrapper.application; includeInIndex = 0; path = TestProducts.app; sourceTree = BUILT_PRODUCTS_DIR; };
		EB55284622BD9AAE00FB12CE /* AppDelegate.swift */ = {isa = PBXFileReference; lastKnownFileType = sourcecode.swift; path = AppDelegate.swift; sourceTree = "<group>"; };
		EB55284822BD9AAE00FB12CE /* ViewController.swift */ = {isa = PBXFileReference; lastKnownFileType = sourcecode.swift; path = ViewController.swift; sourceTree = "<group>"; };
		EB55284B22BD9AAE00FB12CE /* Base */ = {isa = PBXFileReference; lastKnownFileType = file.storyboard; name = Base; path = Base.lproj/Main.storyboard; sourceTree = "<group>"; };
		EB55284D22BD9AAF00FB12CE /* Assets.xcassets */ = {isa = PBXFileReference; lastKnownFileType = folder.assetcatalog; path = Assets.xcassets; sourceTree = "<group>"; };
		EB55285022BD9AAF00FB12CE /* Base */ = {isa = PBXFileReference; lastKnownFileType = file.storyboard; name = Base; path = Base.lproj/LaunchScreen.storyboard; sourceTree = "<group>"; };
		EB55285222BD9AAF00FB12CE /* Info.plist */ = {isa = PBXFileReference; lastKnownFileType = text.plist.xml; path = Info.plist; sourceTree = "<group>"; };
		EB811E1A234F91FC00D24D73 /* Messages.framework */ = {isa = PBXFileReference; lastKnownFileType = wrapper.framework; name = Messages.framework; path = System/Library/Frameworks/Messages.framework; sourceTree = SDKROOT; };
		EB811E2C234F920800D24D73 /* Nami.framework */ = {isa = PBXFileReference; explicitFileType = wrapper.framework; path = Nami.framework; sourceTree = BUILT_PRODUCTS_DIR; };
		EBC76447234FC25A00215C15 /* TestProductsExtension.appex */ = {isa = PBXFileReference; explicitFileType = "wrapper.app-extension"; includeInIndex = 0; path = TestProductsExtension.appex; sourceTree = BUILT_PRODUCTS_DIR; };
		EBC7644A234FC25A00215C15 /* MessagesViewController.swift */ = {isa = PBXFileReference; lastKnownFileType = sourcecode.swift; path = MessagesViewController.swift; sourceTree = "<group>"; };
		EBC7644D234FC25A00215C15 /* Base */ = {isa = PBXFileReference; lastKnownFileType = file.storyboard; name = Base; path = Base.lproj/MainInterface.storyboard; sourceTree = "<group>"; };
		EBC7644F234FC25A00215C15 /* Assets.xcassets */ = {isa = PBXFileReference; lastKnownFileType = folder.assetcatalog; path = Assets.xcassets; sourceTree = "<group>"; };
		EBC76451234FC25A00215C15 /* Info.plist */ = {isa = PBXFileReference; lastKnownFileType = text.plist.xml; path = Info.plist; sourceTree = "<group>"; };
		EBFEA3B622C6AE5F00BADDB8 /* main.swift */ = {isa = PBXFileReference; lastKnownFileType = sourcecode.swift; path = main.swift; sourceTree = "<group>"; };
/* End PBXFileReference section */

/* Begin PBXFrameworksBuildPhase section */
		EB55284022BD9AAE00FB12CE /* Frameworks */ = {
			isa = PBXFrameworksBuildPhase;
			buildActionMask = 2147483647;
			files = (
				EB41D10A2370EE9D00AF011A /* Nami.xcframework in Frameworks */,
			);
			runOnlyForDeploymentPostprocessing = 0;
		};
		EBC76444234FC25A00215C15 /* Frameworks */ = {
			isa = PBXFrameworksBuildPhase;
			buildActionMask = 2147483647;
			files = (
				EB41D1082370EE8B00AF011A /* Nami.xcframework in Frameworks */,
				EBC76448234FC25A00215C15 /* Messages.framework in Frameworks */,
			);
			runOnlyForDeploymentPostprocessing = 0;
		};
/* End PBXFrameworksBuildPhase section */

/* Begin PBXGroup section */
		EB55283A22BD9AAE00FB12CE = {
			isa = PBXGroup;
			children = (
				EB55284522BD9AAE00FB12CE /* TestProducts */,
				EBC76449234FC25A00215C15 /* TestProductsExtension */,
				EB55284422BD9AAE00FB12CE /* Products */,
				EBA286D222C416D3004EA2AE /* Frameworks */,
			);
			sourceTree = "<group>";
		};
		EB55284422BD9AAE00FB12CE /* Products */ = {
			isa = PBXGroup;
			children = (
				EB55284322BD9AAE00FB12CE /* TestProducts.app */,
				EBC76447234FC25A00215C15 /* TestProductsExtension.appex */,
			);
			name = Products;
			sourceTree = "<group>";
		};
		EB55284522BD9AAE00FB12CE /* TestProducts */ = {
			isa = PBXGroup;
			children = (
				EB55284622BD9AAE00FB12CE /* AppDelegate.swift */,
				EBFEA3B622C6AE5F00BADDB8 /* main.swift */,
				EB55284822BD9AAE00FB12CE /* ViewController.swift */,
				EB55284A22BD9AAE00FB12CE /* Main.storyboard */,
				EB55284D22BD9AAF00FB12CE /* Assets.xcassets */,
				EB55284F22BD9AAF00FB12CE /* LaunchScreen.storyboard */,
				EB55285222BD9AAF00FB12CE /* Info.plist */,
			);
			path = TestProducts;
			sourceTree = "<group>";
		};
		EBA286D222C416D3004EA2AE /* Frameworks */ = {
			isa = PBXGroup;
			children = (
				EB41D1072370EE8B00AF011A /* Nami.xcframework */,
				EB811E2C234F920800D24D73 /* Nami.framework */,
				EB811E1A234F91FC00D24D73 /* Messages.framework */,
			);
			name = Frameworks;
			sourceTree = "<group>";
		};
		EBC76449234FC25A00215C15 /* TestProductsExtension */ = {
			isa = PBXGroup;
			children = (
				EBC7644A234FC25A00215C15 /* MessagesViewController.swift */,
				EBC7644C234FC25A00215C15 /* MainInterface.storyboard */,
				EBC7644F234FC25A00215C15 /* Assets.xcassets */,
				EBC76451234FC25A00215C15 /* Info.plist */,
			);
			path = TestProductsExtension;
			sourceTree = "<group>";
		};
/* End PBXGroup section */

/* Begin PBXNativeTarget section */
		EB55284222BD9AAE00FB12CE /* TestProducts */ = {
			isa = PBXNativeTarget;
			buildConfigurationList = EB55285522BD9AAF00FB12CE /* Build configuration list for PBXNativeTarget "TestProducts" */;
			buildPhases = (
				EB55283F22BD9AAE00FB12CE /* Sources */,
				EB55284022BD9AAE00FB12CE /* Frameworks */,
				EB55284122BD9AAE00FB12CE /* Resources */,
				EB811E2B234F91FE00D24D73 /* Embed App Extensions */,
				EBC76440234FBE9900215C15 /* Embed Frameworks */,
			);
			buildRules = (
			);
			dependencies = (
				EBC76453234FC25A00215C15 /* PBXTargetDependency */,
			);
			name = TestProducts;
			productName = TestProducts;
			productReference = EB55284322BD9AAE00FB12CE /* TestProducts.app */;
			productType = "com.apple.product-type.application";
		};
		EBC76446234FC25A00215C15 /* TestProductsExtension */ = {
			isa = PBXNativeTarget;
			buildConfigurationList = EBC76455234FC25A00215C15 /* Build configuration list for PBXNativeTarget "TestProductsExtension" */;
			buildPhases = (
				EBC76443234FC25A00215C15 /* Sources */,
				EBC76444234FC25A00215C15 /* Frameworks */,
				EBC76445234FC25A00215C15 /* Resources */,
				EBC76459234FC26A00215C15 /* CopyFiles */,
			);
			buildRules = (
			);
			dependencies = (
			);
			name = TestProductsExtension;
			productName = TestProductsExtension;
			productReference = EBC76447234FC25A00215C15 /* TestProductsExtension.appex */;
			productType = "com.apple.product-type.app-extension.messages";
		};
/* End PBXNativeTarget section */

/* Begin PBXProject section */
		EB55283B22BD9AAE00FB12CE /* Project object */ = {
			isa = PBXProject;
			attributes = {
				LastSwiftUpdateCheck = 1020;
				LastUpgradeCheck = 1020;
				ORGANIZATIONNAME = "Nami ML, Inc.";
				TargetAttributes = {
					EB55284222BD9AAE00FB12CE = {
						CreatedOnToolsVersion = 10.2.1;
					};
					EBC76446234FC25A00215C15 = {
						CreatedOnToolsVersion = 10.2.1;
					};
				};
			};
			buildConfigurationList = EB55283E22BD9AAE00FB12CE /* Build configuration list for PBXProject "TestProducts" */;
			compatibilityVersion = "Xcode 9.3";
			developmentRegion = en;
			hasScannedForEncodings = 0;
			knownRegions = (
				en,
				Base,
			);
			mainGroup = EB55283A22BD9AAE00FB12CE;
			productRefGroup = EB55284422BD9AAE00FB12CE /* Products */;
			projectDirPath = "";
			projectRoot = "";
			targets = (
				EB55284222BD9AAE00FB12CE /* TestProducts */,
				EBC76446234FC25A00215C15 /* TestProductsExtension */,
			);
		};
/* End PBXProject section */

/* Begin PBXResourcesBuildPhase section */
		EB55284122BD9AAE00FB12CE /* Resources */ = {
			isa = PBXResourcesBuildPhase;
			buildActionMask = 2147483647;
			files = (
				EB55285122BD9AAF00FB12CE /* LaunchScreen.storyboard in Resources */,
				EB55284E22BD9AAF00FB12CE /* Assets.xcassets in Resources */,
				EB55284C22BD9AAE00FB12CE /* Main.storyboard in Resources */,
			);
			runOnlyForDeploymentPostprocessing = 0;
		};
		EBC76445234FC25A00215C15 /* Resources */ = {
			isa = PBXResourcesBuildPhase;
			buildActionMask = 2147483647;
			files = (
				EBC76450234FC25A00215C15 /* Assets.xcassets in Resources */,
				EBC7644E234FC25A00215C15 /* MainInterface.storyboard in Resources */,
			);
			runOnlyForDeploymentPostprocessing = 0;
		};
/* End PBXResourcesBuildPhase section */

/* Begin PBXSourcesBuildPhase section */
		EB55283F22BD9AAE00FB12CE /* Sources */ = {
			isa = PBXSourcesBuildPhase;
			buildActionMask = 2147483647;
			files = (
				EB55284922BD9AAE00FB12CE /* ViewController.swift in Sources */,
				EB55284722BD9AAE00FB12CE /* AppDelegate.swift in Sources */,
				EBFEA3B722C6AE5F00BADDB8 /* main.swift in Sources */,
			);
			runOnlyForDeploymentPostprocessing = 0;
		};
		EBC76443234FC25A00215C15 /* Sources */ = {
			isa = PBXSourcesBuildPhase;
			buildActionMask = 2147483647;
			files = (
				EBC7644B234FC25A00215C15 /* MessagesViewController.swift in Sources */,
			);
			runOnlyForDeploymentPostprocessing = 0;
		};
/* End PBXSourcesBuildPhase section */

/* Begin PBXTargetDependency section */
		EBC76453234FC25A00215C15 /* PBXTargetDependency */ = {
			isa = PBXTargetDependency;
			target = EBC76446234FC25A00215C15 /* TestProductsExtension */;
			targetProxy = EBC76452234FC25A00215C15 /* PBXContainerItemProxy */;
		};
/* End PBXTargetDependency section */

/* Begin PBXVariantGroup section */
		EB55284A22BD9AAE00FB12CE /* Main.storyboard */ = {
			isa = PBXVariantGroup;
			children = (
				EB55284B22BD9AAE00FB12CE /* Base */,
			);
			name = Main.storyboard;
			sourceTree = "<group>";
		};
		EB55284F22BD9AAF00FB12CE /* LaunchScreen.storyboard */ = {
			isa = PBXVariantGroup;
			children = (
				EB55285022BD9AAF00FB12CE /* Base */,
			);
			name = LaunchScreen.storyboard;
			sourceTree = "<group>";
		};
		EBC7644C234FC25A00215C15 /* MainInterface.storyboard */ = {
			isa = PBXVariantGroup;
			children = (
				EBC7644D234FC25A00215C15 /* Base */,
			);
			name = MainInterface.storyboard;
			sourceTree = "<group>";
		};
/* End PBXVariantGroup section */

/* Begin XCBuildConfiguration section */
		EB55285322BD9AAF00FB12CE /* Debug */ = {
			isa = XCBuildConfiguration;
			buildSettings = {
				ALWAYS_SEARCH_USER_PATHS = NO;
				CLANG_ANALYZER_NONNULL = YES;
				CLANG_ANALYZER_NUMBER_OBJECT_CONVERSION = YES_AGGRESSIVE;
				CLANG_CXX_LANGUAGE_STANDARD = "gnu++14";
				CLANG_CXX_LIBRARY = "libc++";
				CLANG_ENABLE_MODULES = YES;
				CLANG_ENABLE_OBJC_ARC = YES;
				CLANG_ENABLE_OBJC_WEAK = YES;
				CLANG_WARN_BLOCK_CAPTURE_AUTORELEASING = YES;
				CLANG_WARN_BOOL_CONVERSION = YES;
				CLANG_WARN_COMMA = YES;
				CLANG_WARN_CONSTANT_CONVERSION = YES;
				CLANG_WARN_DEPRECATED_OBJC_IMPLEMENTATIONS = YES;
				CLANG_WARN_DIRECT_OBJC_ISA_USAGE = YES_ERROR;
				CLANG_WARN_DOCUMENTATION_COMMENTS = YES;
				CLANG_WARN_EMPTY_BODY = YES;
				CLANG_WARN_ENUM_CONVERSION = YES;
				CLANG_WARN_INFINITE_RECURSION = YES;
				CLANG_WARN_INT_CONVERSION = YES;
				CLANG_WARN_NON_LITERAL_NULL_CONVERSION = YES;
				CLANG_WARN_OBJC_IMPLICIT_RETAIN_SELF = YES;
				CLANG_WARN_OBJC_LITERAL_CONVERSION = YES;
				CLANG_WARN_OBJC_ROOT_CLASS = YES_ERROR;
				CLANG_WARN_RANGE_LOOP_ANALYSIS = YES;
				CLANG_WARN_STRICT_PROTOTYPES = YES;
				CLANG_WARN_SUSPICIOUS_MOVE = YES;
				CLANG_WARN_UNGUARDED_AVAILABILITY = YES_AGGRESSIVE;
				CLANG_WARN_UNREACHABLE_CODE = YES;
				CLANG_WARN__DUPLICATE_METHOD_MATCH = YES;
				CODE_SIGN_IDENTITY = "iPhone Developer";
				COPY_PHASE_STRIP = NO;
				DEBUG_INFORMATION_FORMAT = dwarf;
				ENABLE_STRICT_OBJC_MSGSEND = YES;
				ENABLE_TESTABILITY = YES;
				GCC_C_LANGUAGE_STANDARD = gnu11;
				GCC_DYNAMIC_NO_PIC = NO;
				GCC_NO_COMMON_BLOCKS = YES;
				GCC_OPTIMIZATION_LEVEL = 0;
				GCC_PREPROCESSOR_DEFINITIONS = (
					"DEBUG=1",
					"$(inherited)",
				);
				GCC_WARN_64_TO_32_BIT_CONVERSION = YES;
				GCC_WARN_ABOUT_RETURN_TYPE = YES_ERROR;
				GCC_WARN_UNDECLARED_SELECTOR = YES;
				GCC_WARN_UNINITIALIZED_AUTOS = YES_AGGRESSIVE;
				GCC_WARN_UNUSED_FUNCTION = YES;
				GCC_WARN_UNUSED_VARIABLE = YES;
				IPHONEOS_DEPLOYMENT_TARGET = 12.2;
				MTL_ENABLE_DEBUG_INFO = INCLUDE_SOURCE;
				MTL_FAST_MATH = YES;
				ONLY_ACTIVE_ARCH = YES;
				SDKROOT = iphoneos;
				SWIFT_ACTIVE_COMPILATION_CONDITIONS = DEBUG;
				SWIFT_OPTIMIZATION_LEVEL = "-Onone";
			};
			name = Debug;
		};
		EB55285422BD9AAF00FB12CE /* Release */ = {
			isa = XCBuildConfiguration;
			buildSettings = {
				ALWAYS_SEARCH_USER_PATHS = NO;
				CLANG_ANALYZER_NONNULL = YES;
				CLANG_ANALYZER_NUMBER_OBJECT_CONVERSION = YES_AGGRESSIVE;
				CLANG_CXX_LANGUAGE_STANDARD = "gnu++14";
				CLANG_CXX_LIBRARY = "libc++";
				CLANG_ENABLE_MODULES = YES;
				CLANG_ENABLE_OBJC_ARC = YES;
				CLANG_ENABLE_OBJC_WEAK = YES;
				CLANG_WARN_BLOCK_CAPTURE_AUTORELEASING = YES;
				CLANG_WARN_BOOL_CONVERSION = YES;
				CLANG_WARN_COMMA = YES;
				CLANG_WARN_CONSTANT_CONVERSION = YES;
				CLANG_WARN_DEPRECATED_OBJC_IMPLEMENTATIONS = YES;
				CLANG_WARN_DIRECT_OBJC_ISA_USAGE = YES_ERROR;
				CLANG_WARN_DOCUMENTATION_COMMENTS = YES;
				CLANG_WARN_EMPTY_BODY = YES;
				CLANG_WARN_ENUM_CONVERSION = YES;
				CLANG_WARN_INFINITE_RECURSION = YES;
				CLANG_WARN_INT_CONVERSION = YES;
				CLANG_WARN_NON_LITERAL_NULL_CONVERSION = YES;
				CLANG_WARN_OBJC_IMPLICIT_RETAIN_SELF = YES;
				CLANG_WARN_OBJC_LITERAL_CONVERSION = YES;
				CLANG_WARN_OBJC_ROOT_CLASS = YES_ERROR;
				CLANG_WARN_RANGE_LOOP_ANALYSIS = YES;
				CLANG_WARN_STRICT_PROTOTYPES = YES;
				CLANG_WARN_SUSPICIOUS_MOVE = YES;
				CLANG_WARN_UNGUARDED_AVAILABILITY = YES_AGGRESSIVE;
				CLANG_WARN_UNREACHABLE_CODE = YES;
				CLANG_WARN__DUPLICATE_METHOD_MATCH = YES;
				CODE_SIGN_IDENTITY = "iPhone Developer";
				COPY_PHASE_STRIP = NO;
				DEBUG_INFORMATION_FORMAT = "dwarf-with-dsym";
				ENABLE_NS_ASSERTIONS = NO;
				ENABLE_STRICT_OBJC_MSGSEND = YES;
				GCC_C_LANGUAGE_STANDARD = gnu11;
				GCC_NO_COMMON_BLOCKS = YES;
				GCC_WARN_64_TO_32_BIT_CONVERSION = YES;
				GCC_WARN_ABOUT_RETURN_TYPE = YES_ERROR;
				GCC_WARN_UNDECLARED_SELECTOR = YES;
				GCC_WARN_UNINITIALIZED_AUTOS = YES_AGGRESSIVE;
				GCC_WARN_UNUSED_FUNCTION = YES;
				GCC_WARN_UNUSED_VARIABLE = YES;
				IPHONEOS_DEPLOYMENT_TARGET = 12.2;
				MTL_ENABLE_DEBUG_INFO = NO;
				MTL_FAST_MATH = YES;
				SDKROOT = iphoneos;
				SWIFT_COMPILATION_MODE = wholemodule;
				SWIFT_OPTIMIZATION_LEVEL = "-O";
				VALIDATE_PRODUCT = YES;
			};
			name = Release;
		};
		EB55285622BD9AAF00FB12CE /* Debug */ = {
			isa = XCBuildConfiguration;
			buildSettings = {
				ALWAYS_EMBED_SWIFT_STANDARD_LIBRARIES = YES;
				ASSETCATALOG_COMPILER_APPICON_NAME = AppIcon;
				CODE_SIGN_IDENTITY = "iPhone Developer";
				CODE_SIGN_STYLE = Automatic;
				DEVELOPMENT_TEAM = K6APTMK8Y8;
				FRAMEWORK_SEARCH_PATHS = (
					"$(inherited)",
					"$(PROJECT_DIR)",
				);
				INFOPLIST_FILE = TestProducts/Info.plist;
				IPHONEOS_DEPLOYMENT_TARGET = 11.4;
				LD_RUNPATH_SEARCH_PATHS = (
					"$(inherited)",
					"@executable_path/Frameworks",
				);
				PRODUCT_BUNDLE_IDENTIFIER = com.namiml.TestProducts;
				PRODUCT_NAME = "$(TARGET_NAME)";
				PROVISIONING_PROFILE_SPECIFIER = "";
				SWIFT_VERSION = 5.0;
				TARGETED_DEVICE_FAMILY = "1,2";
			};
			name = Debug;
		};
		EB55285722BD9AAF00FB12CE /* Release */ = {
			isa = XCBuildConfiguration;
			buildSettings = {
				ALWAYS_EMBED_SWIFT_STANDARD_LIBRARIES = YES;
				ASSETCATALOG_COMPILER_APPICON_NAME = AppIcon;
				CODE_SIGN_IDENTITY = "iPhone Developer";
				CODE_SIGN_STYLE = Automatic;
				DEVELOPMENT_TEAM = K6APTMK8Y8;
				FRAMEWORK_SEARCH_PATHS = (
					"$(inherited)",
					"$(PROJECT_DIR)",
				);
				INFOPLIST_FILE = TestProducts/Info.plist;
				IPHONEOS_DEPLOYMENT_TARGET = 11.4;
				LD_RUNPATH_SEARCH_PATHS = (
					"$(inherited)",
					"@executable_path/Frameworks",
				);
				PRODUCT_BUNDLE_IDENTIFIER = com.namiml.TestProducts;
				PRODUCT_NAME = "$(TARGET_NAME)";
				PROVISIONING_PROFILE_SPECIFIER = "";
				SWIFT_VERSION = 5.0;
				TARGETED_DEVICE_FAMILY = "1,2";
			};
			name = Release;
		};
		EBC76456234FC25A00215C15 /* Debug */ = {
			isa = XCBuildConfiguration;
			buildSettings = {
				ASSETCATALOG_COMPILER_APPICON_NAME = "iMessage App Icon";
				CODE_SIGN_IDENTITY = "iPhone Developer";
				CODE_SIGN_STYLE = Automatic;
				DEVELOPMENT_TEAM = K6APTMK8Y8;
				FRAMEWORK_SEARCH_PATHS = (
					"$(inherited)",
					"$(PROJECT_DIR)",
				);
				INFOPLIST_FILE = TestProductsExtension/Info.plist;
				LD_RUNPATH_SEARCH_PATHS = (
					"$(inherited)",
					"@executable_path/Frameworks",
					"@executable_path/../../Frameworks",
				);
				PRODUCT_BUNDLE_IDENTIFIER = com.namiml.TestProducts.TestProductsExtension;
				PRODUCT_NAME = "$(TARGET_NAME)";
				SKIP_INSTALL = YES;
				SWIFT_VERSION = 5.0;
				TARGETED_DEVICE_FAMILY = "1,2";
			};
			name = Debug;
		};
		EBC76457234FC25A00215C15 /* Release */ = {
			isa = XCBuildConfiguration;
			buildSettings = {
				ASSETCATALOG_COMPILER_APPICON_NAME = "iMessage App Icon";
				CODE_SIGN_IDENTITY = "iPhone Developer";
				CODE_SIGN_STYLE = Automatic;
				DEVELOPMENT_TEAM = K6APTMK8Y8;
				FRAMEWORK_SEARCH_PATHS = (
					"$(inherited)",
					"$(PROJECT_DIR)",
				);
				INFOPLIST_FILE = TestProductsExtension/Info.plist;
				LD_RUNPATH_SEARCH_PATHS = (
					"$(inherited)",
					"@executable_path/Frameworks",
					"@executable_path/../../Frameworks",
				);
				PRODUCT_BUNDLE_IDENTIFIER = com.namiml.TestProducts.TestProductsExtension;
				PRODUCT_NAME = "$(TARGET_NAME)";
				SKIP_INSTALL = YES;
				SWIFT_VERSION = 5.0;
				TARGETED_DEVICE_FAMILY = "1,2";
			};
			name = Release;
		};
/* End XCBuildConfiguration section */

/* Begin XCConfigurationList section */
		EB55283E22BD9AAE00FB12CE /* Build configuration list for PBXProject "TestProducts" */ = {
			isa = XCConfigurationList;
			buildConfigurations = (
				EB55285322BD9AAF00FB12CE /* Debug */,
				EB55285422BD9AAF00FB12CE /* Release */,
			);
			defaultConfigurationIsVisible = 0;
			defaultConfigurationName = Release;
		};
		EB55285522BD9AAF00FB12CE /* Build configuration list for PBXNativeTarget "TestProducts" */ = {
			isa = XCConfigurationList;
			buildConfigurations = (
				EB55285622BD9AAF00FB12CE /* Debug */,
				EB55285722BD9AAF00FB12CE /* Release */,
			);
			defaultConfigurationIsVisible = 0;
			defaultConfigurationName = Release;
		};
		EBC76455234FC25A00215C15 /* Build configuration list for PBXNativeTarget "TestProductsExtension" */ = {
			isa = XCConfigurationList;
			buildConfigurations = (
				EBC76456234FC25A00215C15 /* Debug */,
				EBC76457234FC25A00215C15 /* Release */,
			);
			defaultConfigurationIsVisible = 0;
			defaultConfigurationName = Release;
		};
/* End XCConfigurationList section */
	};
	rootObject = EB55283B22BD9AAE00FB12CE /* Project object */;
}
