{
  "pins" : [
    {
      "identity" : "swiftclient",
      "kind" : "remoteSourceControl",
      "location" : "https://github.com/TelemetryDeck/SwiftClient",
      "state" : {
        "revision" : "87b866ea6a7c573f3f22176fc0f2529e81e4a247",
        "version" : "1.2.0"
      }
    }
  ],
  "version" : 2
}
