// !$*UTF8*$!
{
	archiveVersion = 1;
	classes = {
	};
	objectVersion = 52;
	objects = {

/* Begin PBXBuildFile section */
		EBC6BFDB265DB6AA0094BA8B /* AppDelegate.swift in Sources */ = {isa = PBXBuildFile; fileRef = EBC6BFDA265DB6AA0094BA8B /* AppDelegate.swift */; };
		EBC6BFDD265DB6AA0094BA8B /* SceneDelegate.swift in Sources */ = {isa = PBXBuildFile; fileRef = EBC6BFDC265DB6AA0094BA8B /* SceneDelegate.swift */; };
		EBC6BFDF265DB6AA0094BA8B /* ViewController.swift in Sources */ = {isa = PBXBuildFile; fileRef = EBC6BFDE265DB6AA0094BA8B /* ViewController.swift */; };
		EBC6BFE2265DB6AA0094BA8B /* Main.storyboard in Resources */ = {isa = PBXBuildFile; fileRef = EBC6BFE0265DB6AA0094BA8B /* Main.storyboard */; };
		EBC6BFE4265DB6AD0094BA8B /* Assets.xcassets in Resources */ = {isa = PBXBuildFile; fileRef = EBC6BFE3265DB6AD0094BA8B /* Assets.xcassets */; };
		EBC6BFE7265DB6AD0094BA8B /* LaunchScreen.storyboard in Resources */ = {isa = PBXBuildFile; fileRef = EBC6BFE5265DB6AD0094BA8B /* LaunchScreen.storyboard */; };
		EBC6BFF5266143150094BA8B /* SimplePaywallViewController.swift in Sources */ = {isa = PBXBuildFile; fileRef = EBC6BFF3266143150094BA8B /* SimplePaywallViewController.swift */; };
		EBC6BFF6266143150094BA8B /* CollectionViewPaywallViewController.swift in Sources */ = {isa = PBXBuildFile; fileRef = EBC6BFF4266143150094BA8B /* CollectionViewPaywallViewController.swift */; };
		EBC6BFF8266145880094BA8B /* TestProducts.storekit in Resources */ = {isa = PBXBuildFile; fileRef = EBC6BFF7266145880094BA8B /* TestProducts.storekit */; };
		EBC6BFFA266145F10094BA8B /* ProductCell.swift in Sources */ = {isa = PBXBuildFile; fileRef = EBC6BFF9266145F10094BA8B /* ProductCell.swift */; };
		EBED1B6E268443B00035BEEA /* Nami.xcframework in Frameworks */ = {isa = PBXBuildFile; fileRef = EBED1B6D268443B00035BEEA /* Nami.xcframework */; };
		EBED1B6F268443B00035BEEA /* Nami.xcframework in Embed Frameworks */ = {isa = PBXBuildFile; fileRef = EBED1B6D268443B00035BEEA /* Nami.xcframework */; settings = {ATTRIBUTES = (CodeSignOnCopy, RemoveHeadersOnCopy, ); }; };
/* End PBXBuildFile section */

/* Begin PBXCopyFilesBuildPhase section */
		EBC6BFF22661429E0094BA8B /* Embed Frameworks */ = {
			isa = PBXCopyFilesBuildPhase;
			buildActionMask = 2147483647;
			dstPath = "";
			dstSubfolderSpec = 10;
			files = (
				EBED1B6F268443B00035BEEA /* Nami.xcframework in Embed Frameworks */,
			);
			name = "Embed Frameworks";
			runOnlyForDeploymentPostprocessing = 0;
		};
/* End PBXCopyFilesBuildPhase section */

/* Begin PBXFileReference section */
		EBC6BFD7265DB6AA0094BA8B /* BasicLinkedPaywall.app */ = {isa = PBXFileReference; explicitFileType = wrapper.application; includeInIndex = 0; path = BasicLinkedPaywall.app; sourceTree = BUILT_PRODUCTS_DIR; };
		EBC6BFDA265DB6AA0094BA8B /* AppDelegate.swift */ = {isa = PBXFileReference; lastKnownFileType = sourcecode.swift; path = AppDelegate.swift; sourceTree = "<group>"; };
		EBC6BFDC265DB6AA0094BA8B /* SceneDelegate.swift */ = {isa = PBXFileReference; lastKnownFileType = sourcecode.swift; path = SceneDelegate.swift; sourceTree = "<group>"; };
		EBC6BFDE265DB6AA0094BA8B /* ViewController.swift */ = {isa = PBXFileReference; lastKnownFileType = sourcecode.swift; path = ViewController.swift; sourceTree = "<group>"; };
		EBC6BFE1265DB6AA0094BA8B /* Base */ = {isa = PBXFileReference; lastKnownFileType = file.storyboard; name = Base; path = Base.lproj/Main.storyboard; sourceTree = "<group>"; };
		EBC6BFE3265DB6AD0094BA8B /* Assets.xcassets */ = {isa = PBXFileReference; lastKnownFileType = folder.assetcatalog; path = Assets.xcassets; sourceTree = "<group>"; };
		EBC6BFE6265DB6AD0094BA8B /* Base */ = {isa = PBXFileReference; lastKnownFileType = file.storyboard; name = Base; path = Base.lproj/LaunchScreen.storyboard; sourceTree = "<group>"; };
		EBC6BFE8265DB6AD0094BA8B /* Info.plist */ = {isa = PBXFileReference; lastKnownFileType = text.plist.xml; path = Info.plist; sourceTree = "<group>"; };
		EBC6BFF3266143150094BA8B /* SimplePaywallViewController.swift */ = {isa = PBXFileReference; fileEncoding = 4; lastKnownFileType = sourcecode.swift; path = SimplePaywallViewController.swift; sourceTree = "<group>"; };
		EBC6BFF4266143150094BA8B /* CollectionViewPaywallViewController.swift */ = {isa = PBXFileReference; fileEncoding = 4; lastKnownFileType = sourcecode.swift; path = CollectionViewPaywallViewController.swift; sourceTree = "<group>"; };
		EBC6BFF7266145880094BA8B /* TestProducts.storekit */ = {isa = PBXFileReference; lastKnownFileType = text; path = TestProducts.storekit; sourceTree = SOURCE_ROOT; };
		EBC6BFF9266145F10094BA8B /* ProductCell.swift */ = {isa = PBXFileReference; fileEncoding = 4; lastKnownFileType = sourcecode.swift; path = ProductCell.swift; sourceTree = "<group>"; };
		EBED1B6D268443B00035BEEA /* Nami.xcframework */ = {isa = PBXFileReference; lastKnownFileType = wrapper.xcframework; name = Nami.xcframework; path = ../../Nami.xcframework; sourceTree = "<group>"; };
/* End PBXFileReference section */

/* Begin PBXFrameworksBuildPhase section */
		EBC6BFD4265DB6AA0094BA8B /* Frameworks */ = {
			isa = PBXFrameworksBuildPhase;
			buildActionMask = 2147483647;
			files = (
				EBED1B6E268443B00035BEEA /* Nami.xcframework in Frameworks */,
			);
			runOnlyForDeploymentPostprocessing = 0;
		};
/* End PBXFrameworksBuildPhase section */

/* Begin PBXGroup section */
		EBC6BFCE265DB6AA0094BA8B = {
			isa = PBXGroup;
			children = (
				EBC6BFD9265DB6AA0094BA8B /* BasicLinkedPaywall */,
				EBC6BFD8265DB6AA0094BA8B /* Products */,
				EBC6BFEE2661429E0094BA8B /* Frameworks */,
			);
			sourceTree = "<group>";
		};
		EBC6BFD8265DB6AA0094BA8B /* Products */ = {
			isa = PBXGroup;
			children = (
				EBC6BFD7265DB6AA0094BA8B /* BasicLinkedPaywall.app */,
			);
			name = Products;
			sourceTree = "<group>";
		};
		EBC6BFD9265DB6AA0094BA8B /* BasicLinkedPaywall */ = {
			isa = PBXGroup;
			children = (
				EBC6BFF9266145F10094BA8B /* ProductCell.swift */,
				EBC6BFF7266145880094BA8B /* TestProducts.storekit */,
				EBC6BFF4266143150094BA8B /* CollectionViewPaywallViewController.swift */,
				EBC6BFF3266143150094BA8B /* SimplePaywallViewController.swift */,
				EBC6BFDA265DB6AA0094BA8B /* AppDelegate.swift */,
				EBC6BFDC265DB6AA0094BA8B /* SceneDelegate.swift */,
				EBC6BFDE265DB6AA0094BA8B /* ViewController.swift */,
				EBC6BFE0265DB6AA0094BA8B /* Main.storyboard */,
				EBC6BFE3265DB6AD0094BA8B /* Assets.xcassets */,
				EBC6BFE5265DB6AD0094BA8B /* LaunchScreen.storyboard */,
				EBC6BFE8265DB6AD0094BA8B /* Info.plist */,
			);
			path = BasicLinkedPaywall;
			sourceTree = "<group>";
		};
		EBC6BFEE2661429E0094BA8B /* Frameworks */ = {
			isa = PBXGroup;
			children = (
				EBED1B6D268443B00035BEEA /* Nami.xcframework */,
			);
			name = Frameworks;
			sourceTree = "<group>";
		};
/* End PBXGroup section */

/* Begin PBXNativeTarget section */
		EBC6BFD6265DB6AA0094BA8B /* BasicLinkedPaywall */ = {
			isa = PBXNativeTarget;
			buildConfigurationList = EBC6BFEB265DB6AD0094BA8B /* Build configuration list for PBXNativeTarget "BasicLinkedPaywall" */;
			buildPhases = (
				EBC6BFD3265DB6AA0094BA8B /* Sources */,
				EBC6BFD4265DB6AA0094BA8B /* Frameworks */,
				EBC6BFD5265DB6AA0094BA8B /* Resources */,
				EBC6BFF22661429E0094BA8B /* Embed Frameworks */,
			);
			buildRules = (
			);
			dependencies = (
			);
			name = BasicLinkedPaywall;
			productName = BasicLinkedPaywall;
			productReference = EBC6BFD7265DB6AA0094BA8B /* BasicLinkedPaywall.app */;
			productType = "com.apple.product-type.application";
		};
/* End PBXNativeTarget section */

/* Begin PBXProject section */
		EBC6BFCF265DB6AA0094BA8B /* Project object */ = {
			isa = PBXProject;
			attributes = {
				LastSwiftUpdateCheck = 1250;
				LastUpgradeCheck = 1250;
				TargetAttributes = {
					EBC6BFD6265DB6AA0094BA8B = {
						CreatedOnToolsVersion = 12.5;
					};
				};
			};
			buildConfigurationList = EBC6BFD2265DB6AA0094BA8B /* Build configuration list for PBXProject "BasicLinkedPaywall" */;
			compatibilityVersion = "Xcode 9.3";
			developmentRegion = en;
			hasScannedForEncodings = 0;
			knownRegions = (
				en,
				Base,
			);
			mainGroup = EBC6BFCE265DB6AA0094BA8B;
			productRefGroup = EBC6BFD8265DB6AA0094BA8B /* Products */;
			projectDirPath = "";
			projectRoot = "";
			targets = (
				EBC6BFD6265DB6AA0094BA8B /* BasicLinkedPaywall */,
			);
		};
/* End PBXProject section */

/* Begin PBXResourcesBuildPhase section */
		EBC6BFD5265DB6AA0094BA8B /* Resources */ = {
			isa = PBXResourcesBuildPhase;
			buildActionMask = 2147483647;
			files = (
				EBC6BFF8266145880094BA8B /* TestProducts.storekit in Resources */,
				EBC6BFE7265DB6AD0094BA8B /* LaunchScreen.storyboard in Resources */,
				EBC6BFE4265DB6AD0094BA8B /* Assets.xcassets in Resources */,
				EBC6BFE2265DB6AA0094BA8B /* Main.storyboard in Resources */,
			);
			runOnlyForDeploymentPostprocessing = 0;
		};
/* End PBXResourcesBuildPhase section */

/* Begin PBXSourcesBuildPhase section */
		EBC6BFD3265DB6AA0094BA8B /* Sources */ = {
			isa = PBXSourcesBuildPhase;
			buildActionMask = 2147483647;
			files = (
				EBC6BFF6266143150094BA8B /* CollectionViewPaywallViewController.swift in Sources */,
				EBC6BFDF265DB6AA0094BA8B /* ViewController.swift in Sources */,
				EBC6BFF5266143150094BA8B /* SimplePaywallViewController.swift in Sources */,
				EBC6BFFA266145F10094BA8B /* ProductCell.swift in Sources */,
				EBC6BFDB265DB6AA0094BA8B /* AppDelegate.swift in Sources */,
				EBC6BFDD265DB6AA0094BA8B /* SceneDelegate.swift in Sources */,
			);
			runOnlyForDeploymentPostprocessing = 0;
		};
/* End PBXSourcesBuildPhase section */

/* Begin PBXVariantGroup section */
		EBC6BFE0265DB6AA0094BA8B /* Main.storyboard */ = {
			isa = PBXVariantGroup;
			children = (
				EBC6BFE1265DB6AA0094BA8B /* Base */,
			);
			name = Main.storyboard;
			sourceTree = "<group>";
		};
		EBC6BFE5265DB6AD0094BA8B /* LaunchScreen.storyboard */ = {
			isa = PBXVariantGroup;
			children = (
				EBC6BFE6265DB6AD0094BA8B /* Base */,
			);
			name = LaunchScreen.storyboard;
			sourceTree = "<group>";
		};
/* End PBXVariantGroup section */

/* Begin XCBuildConfiguration section */
		EBC6BFE9265DB6AD0094BA8B /* Debug */ = {
			isa = XCBuildConfiguration;
			buildSettings = {
				ALWAYS_SEARCH_USER_PATHS = NO;
				CLANG_ANALYZER_NONNULL = YES;
				CLANG_ANALYZER_NUMBER_OBJECT_CONVERSION = YES_AGGRESSIVE;
				CLANG_CXX_LANGUAGE_STANDARD = "gnu++14";
				CLANG_CXX_LIBRARY = "libc++";
				CLANG_ENABLE_MODULES = YES;
				CLANG_ENABLE_OBJC_ARC = YES;
				CLANG_ENABLE_OBJC_WEAK = YES;
				CLANG_WARN_BLOCK_CAPTURE_AUTORELEASING = YES;
				CLANG_WARN_BOOL_CONVERSION = YES;
				CLANG_WARN_COMMA = YES;
				CLANG_WARN_CONSTANT_CONVERSION = YES;
				CLANG_WARN_DEPRECATED_OBJC_IMPLEMENTATIONS = YES;
				CLANG_WARN_DIRECT_OBJC_ISA_USAGE = YES_ERROR;
				CLANG_WARN_DOCUMENTATION_COMMENTS = YES;
				CLANG_WARN_EMPTY_BODY = YES;
				CLANG_WARN_ENUM_CONVERSION = YES;
				CLANG_WARN_INFINITE_RECURSION = YES;
				CLANG_WARN_INT_CONVERSION = YES;
				CLANG_WARN_NON_LITERAL_NULL_CONVERSION = YES;
				CLANG_WARN_OBJC_IMPLICIT_RETAIN_SELF = YES;
				CLANG_WARN_OBJC_LITERAL_CONVERSION = YES;
				CLANG_WARN_OBJC_ROOT_CLASS = YES_ERROR;
				CLANG_WARN_QUOTED_INCLUDE_IN_FRAMEWORK_HEADER = YES;
				CLANG_WARN_RANGE_LOOP_ANALYSIS = YES;
				CLANG_WARN_STRICT_PROTOTYPES = YES;
				CLANG_WARN_SUSPICIOUS_MOVE = YES;
				CLANG_WARN_UNGUARDED_AVAILABILITY = YES_AGGRESSIVE;
				CLANG_WARN_UNREACHABLE_CODE = YES;
				CLANG_WARN__DUPLICATE_METHOD_MATCH = YES;
				COPY_PHASE_STRIP = NO;
				DEBUG_INFORMATION_FORMAT = dwarf;
				ENABLE_STRICT_OBJC_MSGSEND = YES;
				ENABLE_TESTABILITY = YES;
				GCC_C_LANGUAGE_STANDARD = gnu11;
				GCC_DYNAMIC_NO_PIC = NO;
				GCC_NO_COMMON_BLOCKS = YES;
				GCC_OPTIMIZATION_LEVEL = 0;
				GCC_PREPROCESSOR_DEFINITIONS = (
					"DEBUG=1",
					"$(inherited)",
				);
				GCC_WARN_64_TO_32_BIT_CONVERSION = YES;
				GCC_WARN_ABOUT_RETURN_TYPE = YES_ERROR;
				GCC_WARN_UNDECLARED_SELECTOR = YES;
				GCC_WARN_UNINITIALIZED_AUTOS = YES_AGGRESSIVE;
				GCC_WARN_UNUSED_FUNCTION = YES;
				GCC_WARN_UNUSED_VARIABLE = YES;
				IPHONEOS_DEPLOYMENT_TARGET = 14.5;
				MTL_ENABLE_DEBUG_INFO = INCLUDE_SOURCE;
				MTL_FAST_MATH = YES;
				ONLY_ACTIVE_ARCH = YES;
				SDKROOT = iphoneos;
				SWIFT_ACTIVE_COMPILATION_CONDITIONS = DEBUG;
				SWIFT_OPTIMIZATION_LEVEL = "-Onone";
			};
			name = Debug;
		};
		EBC6BFEA265DB6AD0094BA8B /* Release */ = {
			isa = XCBuildConfiguration;
			buildSettings = {
				ALWAYS_SEARCH_USER_PATHS = NO;
				CLANG_ANALYZER_NONNULL = YES;
				CLANG_ANALYZER_NUMBER_OBJECT_CONVERSION = YES_AGGRESSIVE;
				CLANG_CXX_LANGUAGE_STANDARD = "gnu++14";
				CLANG_CXX_LIBRARY = "libc++";
				CLANG_ENABLE_MODULES = YES;
				CLANG_ENABLE_OBJC_ARC = YES;
				CLANG_ENABLE_OBJC_WEAK = YES;
				CLANG_WARN_BLOCK_CAPTURE_AUTORELEASING = YES;
				CLANG_WARN_BOOL_CONVERSION = YES;
				CLANG_WARN_COMMA = YES;
				CLANG_WARN_CONSTANT_CONVERSION = YES;
				CLANG_WARN_DEPRECATED_OBJC_IMPLEMENTATIONS = YES;
				CLANG_WARN_DIRECT_OBJC_ISA_USAGE = YES_ERROR;
				CLANG_WARN_DOCUMENTATION_COMMENTS = YES;
				CLANG_WARN_EMPTY_BODY = YES;
				CLANG_WARN_ENUM_CONVERSION = YES;
				CLANG_WARN_INFINITE_RECURSION = YES;
				CLANG_WARN_INT_CONVERSION = YES;
				CLANG_WARN_NON_LITERAL_NULL_CONVERSION = YES;
				CLANG_WARN_OBJC_IMPLICIT_RETAIN_SELF = YES;
				CLANG_WARN_OBJC_LITERAL_CONVERSION = YES;
				CLANG_WARN_OBJC_ROOT_CLASS = YES_ERROR;
				CLANG_WARN_QUOTED_INCLUDE_IN_FRAMEWORK_HEADER = YES;
				CLANG_WARN_RANGE_LOOP_ANALYSIS = YES;
				CLANG_WARN_STRICT_PROTOTYPES = YES;
				CLANG_WARN_SUSPICIOUS_MOVE = YES;
				CLANG_WARN_UNGUARDED_AVAILABILITY = YES_AGGRESSIVE;
				CLANG_WARN_UNREACHABLE_CODE = YES;
				CLANG_WARN__DUPLICATE_METHOD_MATCH = YES;
				COPY_PHASE_STRIP = NO;
				DEBUG_INFORMATION_FORMAT = "dwarf-with-dsym";
				ENABLE_NS_ASSERTIONS = NO;
				ENABLE_STRICT_OBJC_MSGSEND = YES;
				GCC_C_LANGUAGE_STANDARD = gnu11;
				GCC_NO_COMMON_BLOCKS = YES;
				GCC_WARN_64_TO_32_BIT_CONVERSION = YES;
				GCC_WARN_ABOUT_RETURN_TYPE = YES_ERROR;
				GCC_WARN_UNDECLARED_SELECTOR = YES;
				GCC_WARN_UNINITIALIZED_AUTOS = YES_AGGRESSIVE;
				GCC_WARN_UNUSED_FUNCTION = YES;
				GCC_WARN_UNUSED_VARIABLE = YES;
				IPHONEOS_DEPLOYMENT_TARGET = 14.5;
				MTL_ENABLE_DEBUG_INFO = NO;
				MTL_FAST_MATH = YES;
				SDKROOT = iphoneos;
				SWIFT_COMPILATION_MODE = wholemodule;
				SWIFT_OPTIMIZATION_LEVEL = "-O";
				VALIDATE_PRODUCT = YES;
			};
			name = Release;
		};
		EBC6BFEC265DB6AD0094BA8B /* Debug */ = {
			isa = XCBuildConfiguration;
			buildSettings = {
				ASSETCATALOG_COMPILER_APPICON_NAME = AppIcon;
				ASSETCATALOG_COMPILER_GLOBAL_ACCENT_COLOR_NAME = AccentColor;
				CODE_SIGN_STYLE = Automatic;
				DEVELOPMENT_TEAM = K6APTMK8Y8;
				INFOPLIST_FILE = BasicLinkedPaywall/Info.plist;
				LD_RUNPATH_SEARCH_PATHS = (
					"$(inherited)",
					"@executable_path/Frameworks",
				);
				PRODUCT_BUNDLE_IDENTIFIER = "com.namiml.TestProducts-Linked";
				PRODUCT_NAME = "$(TARGET_NAME)";
				SWIFT_VERSION = 5.0;
				TARGETED_DEVICE_FAMILY = "1,2";
			};
			name = Debug;
		};
		EBC6BFED265DB6AD0094BA8B /* Release */ = {
			isa = XCBuildConfiguration;
			buildSettings = {
				ASSETCATALOG_COMPILER_APPICON_NAME = AppIcon;
				ASSETCATALOG_COMPILER_GLOBAL_ACCENT_COLOR_NAME = AccentColor;
				CODE_SIGN_STYLE = Automatic;
				DEVELOPMENT_TEAM = K6APTMK8Y8;
				INFOPLIST_FILE = BasicLinkedPaywall/Info.plist;
				LD_RUNPATH_SEARCH_PATHS = (
					"$(inherited)",
					"@executable_path/Frameworks",
				);
				PRODUCT_BUNDLE_IDENTIFIER = "com.namiml.TestProducts-Linked";
				PRODUCT_NAME = "$(TARGET_NAME)";
				SWIFT_VERSION = 5.0;
				TARGETED_DEVICE_FAMILY = "1,2";
			};
			name = Release;
		};
/* End XCBuildConfiguration section */

/* Begin XCConfigurationList section */
		EBC6BFD2265DB6AA0094BA8B /* Build configuration list for PBXProject "BasicLinkedPaywall" */ = {
			isa = XCConfigurationList;
			buildConfigurations = (
				EBC6BFE9265DB6AD0094BA8B /* Debug */,
				EBC6BFEA265DB6AD0094BA8B /* Release */,
			);
			defaultConfigurationIsVisible = 0;
			defaultConfigurationName = Release;
		};
		EBC6BFEB265DB6AD0094BA8B /* Build configuration list for PBXNativeTarget "BasicLinkedPaywall" */ = {
			isa = XCConfigurationList;
			buildConfigurations = (
				EBC6BFEC265DB6AD0094BA8B /* Debug */,
				EBC6BFED265DB6AD0094BA8B /* Release */,
			);
			defaultConfigurationIsVisible = 0;
			defaultConfigurationName = Release;
		};
/* End XCConfigurationList section */
	};
	rootObject = EBC6BFCF265DB6AA0094BA8B /* Project object */;
}
